# THIS IS AN AUTOGENERATED FILE. DO NOT EDIT THIS FILE DIRECTLY.
# yarn lockfile v1


amdefine@~1.0.0:
  version "1.0.1"
  resolved "http://npm.xyb2b.com.cn/amdefine/-/amdefine-1.0.1.tgz#4a5282ac164729e93619bcfd3ad151f817ce91f5"
  integrity sha1-SlKCrBZHKek2Gbz9OtFR+BfOkfU=

requirejs@^2.3.6:
  version "2.3.6"
  resolved "http://npm.xyb2b.com.cn/requirejs/-/requirejs-2.3.6.tgz#e5093d9601c2829251258c0b9445d4d19fa9e7c9"
  integrity sha1-5Qk9lgHCgpJRJYwLlEXU0Z+p58k=
